
Microsoft Visual Studio Solution File, Format Version 12.00
# Visual Studio Version 17
VisualStudioVersion = 17.8.34525.116
MinimumVisualStudioVersion = 10.0.40219.1
Project("{9A19103F-16F7-4668-BE54-9A1E7A4F7556}") = "Workaround", "Workaround\Workaround.csproj", "{7C35EB4E-1735-4BDD-873A-877DBD84B8CD}"
EndProject
Project("{FAE04EC0-301F-11D3-BF4B-00C04F79EFBC}") = "Entities", "Entities\Entities.csproj", "{8C839636-A3FA-4421-AF4C-15781E51796A}"
EndProject
Project("{FAE04EC0-301F-11D3-BF4B-00C04F79EFBC}") = "Business", "Business\Business.csproj", "{FC6AA9AA-4613-49EE-9F42-9682FA73576C}"
EndProject
Global
	GlobalSection(SolutionConfigurationPlatforms) = preSolution
		Debug|Any CPU = Debug|Any CPU
		Release|Any CPU = Release|Any CPU
	EndGlobalSection
	GlobalSection(ProjectConfigurationPlatforms) = postSolution
		{7C35EB4E-1735-4BDD-873A-877DBD84B8CD}.Debug|Any CPU.ActiveCfg = Debug|Any CPU
		{7C35EB4E-1735-4BDD-873A-877DBD84B8CD}.Debug|Any CPU.Build.0 = Debug|Any CPU
		{7C35EB4E-1735-4BDD-873A-877DBD84B8CD}.Release|Any CPU.ActiveCfg = Release|Any CPU
		{7C35EB4E-1735-4BDD-873A-877DBD84B8CD}.Release|Any CPU.Build.0 = Release|Any CPU
		{8C839636-A3FA-4421-AF4C-15781E51796A}.Debug|Any CPU.ActiveCfg = Debug|Any CPU
		{8C839636-A3FA-4421-AF4C-15781E51796A}.Debug|Any CPU.Build.0 = Debug|Any CPU
		{8C839636-A3FA-4421-AF4C-15781E51796A}.Release|Any CPU.ActiveCfg = Release|Any CPU
		{8C839636-A3FA-4421-AF4C-15781E51796A}.Release|Any CPU.Build.0 = Release|Any CPU
		{FC6AA9AA-4613-49EE-9F42-9682FA73576C}.Debug|Any CPU.ActiveCfg = Debug|Any CPU
		{FC6AA9AA-4613-49EE-9F42-9682FA73576C}.Debug|Any CPU.Build.0 = Debug|Any CPU
		{FC6AA9AA-4613-49EE-9F42-9682FA73576C}.Release|Any CPU.ActiveCfg = Release|Any CPU
		{FC6AA9AA-4613-49EE-9F42-9682FA73576C}.Release|Any CPU.Build.0 = Release|Any CPU
	EndGlobalSection
	GlobalSection(SolutionProperties) = preSolution
		HideSolutionNode = FALSE
	EndGlobalSection
	GlobalSection(ExtensibilityGlobals) = postSolution
		SolutionGuid = {DD0E55F2-C076-4DB6-A778-AB037AE89856}
	EndGlobalSection
EndGlobal
